
Microsoft Visual Studio Solution File, Format Version 12.00
# Visual Studio Version 16
VisualStudioVersion = 16.0.28803.352
MinimumVisualStudioVersion = 10.0.40219.1
Project("{FAE04EC0-301F-11D3-BF4B-00C04F79EFBC}") = "DockingManager_HeaderBackground", "DockingManager_HeaderBackground.csproj", "{BD2FAD02-D74A-406E-8901-C0CD04594F2C}"
EndProject
Global
	GlobalSection(SolutionConfigurationPlatforms) = preSolution
		Debug|Any CPU = Debug|Any CPU
		Debug-Xml|Any CPU = Debug-Xml|Any CPU
		Release|Any CPU = Release|Any CPU
		Release-Xml|Any CPU = Release-Xml|Any CPU
	EndGlobalSection
	GlobalSection(ProjectConfigurationPlatforms) = postSolution
		{BD2FAD02-D74A-406E-8901-C0CD04594F2C}.Debug|Any CPU.ActiveCfg = Debug|Any CPU
		{BD2FAD02-D74A-406E-8901-C0CD04594F2C}.Debug|Any CPU.Build.0 = Debug|Any CPU
		{BD2FAD02-D74A-406E-8901-C0CD04594F2C}.Debug-Xml|Any CPU.ActiveCfg = Debug|Any CPU
		{BD2FAD02-D74A-406E-8901-C0CD04594F2C}.Debug-Xml|Any CPU.Build.0 = Debug|Any CPU
		{BD2FAD02-D74A-406E-8901-C0CD04594F2C}.Release|Any CPU.ActiveCfg = Release|Any CPU
		{BD2FAD02-D74A-406E-8901-C0CD04594F2C}.Release|Any CPU.Build.0 = Release|Any CPU
		{BD2FAD02-D74A-406E-8901-C0CD04594F2C}.Release-Xml|Any CPU.ActiveCfg = Release|Any CPU
		{BD2FAD02-D74A-406E-8901-C0CD04594F2C}.Release-Xml|Any CPU.Build.0 = Release|Any CPU
	EndGlobalSection
	GlobalSection(SolutionProperties) = preSolution
		HideSolutionNode = FALSE
	EndGlobalSection
	GlobalSection(ExtensibilityGlobals) = postSolution
		SolutionGuid = {1A9614DF-E413-442A-BA98-678C82EC94CE}
	EndGlobalSection
EndGlobal
